
Microsoft Visual Studio Solution File, Format Version 12.00
# Visual Studio Version 17
VisualStudioVersion = 17.0.31903.59
MinimumVisualStudioVersion = 10.0.40219.1
Project("{FAE04EC0-301F-11D3-BF4B-00C04F79EFBC}") = "XamppUpdate", "XamppUpdate\XamppUpdate.csproj", "{26E26965-FEF7-4ECB-8414-6B38588F4401}"
EndProject
Project("{FAE04EC0-301F-11D3-BF4B-00C04F79EFBC}") = "XamppUpdate.Tests", "XamppUpdate.Tests\XamppUpdate.Tests.csproj", "{4E35214E-3C22-4716-852A-B7A1CCA6CFE0}"
EndProject
Global
	GlobalSection(SolutionConfigurationPlatforms) = preSolution
		Debug|Any CPU = Debug|Any CPU
		Debug|x64 = Debug|x64
		Debug|x86 = Debug|x86
		Release|Any CPU = Release|Any CPU
		Release|x64 = Release|x64
		Release|x86 = Release|x86
	EndGlobalSection
	GlobalSection(ProjectConfigurationPlatforms) = postSolution
		{26E26965-FEF7-4ECB-8414-6B38588F4401}.Debug|Any CPU.ActiveCfg = Debug|Any CPU
		{26E26965-FEF7-4ECB-8414-6B38588F4401}.Debug|Any CPU.Build.0 = Debug|Any CPU
		{26E26965-FEF7-4ECB-8414-6B38588F4401}.Debug|x64.ActiveCfg = Debug|Any CPU
		{26E26965-FEF7-4ECB-8414-6B38588F4401}.Debug|x64.Build.0 = Debug|Any CPU
		{26E26965-FEF7-4ECB-8414-6B38588F4401}.Debug|x86.ActiveCfg = Debug|Any CPU
		{26E26965-FEF7-4ECB-8414-6B38588F4401}.Debug|x86.Build.0 = Debug|Any CPU
		{26E26965-FEF7-4ECB-8414-6B38588F4401}.Release|Any CPU.ActiveCfg = Release|Any CPU
		{26E26965-FEF7-4ECB-8414-6B38588F4401}.Release|Any CPU.Build.0 = Release|Any CPU
		{26E26965-FEF7-4ECB-8414-6B38588F4401}.Release|x64.ActiveCfg = Release|Any CPU
		{26E26965-FEF7-4ECB-8414-6B38588F4401}.Release|x64.Build.0 = Release|Any CPU
		{26E26965-FEF7-4ECB-8414-6B38588F4401}.Release|x86.ActiveCfg = Release|Any CPU
		{26E26965-FEF7-4ECB-8414-6B38588F4401}.Release|x86.Build.0 = Release|Any CPU
		{4E35214E-3C22-4716-852A-B7A1CCA6CFE0}.Debug|Any CPU.ActiveCfg = Debug|Any CPU
		{4E35214E-3C22-4716-852A-B7A1CCA6CFE0}.Debug|Any CPU.Build.0 = Debug|Any CPU
		{4E35214E-3C22-4716-852A-B7A1CCA6CFE0}.Debug|x64.ActiveCfg = Debug|Any CPU
		{4E35214E-3C22-4716-852A-B7A1CCA6CFE0}.Debug|x64.Build.0 = Debug|Any CPU
		{4E35214E-3C22-4716-852A-B7A1CCA6CFE0}.Debug|x86.ActiveCfg = Debug|Any CPU
		{4E35214E-3C22-4716-852A-B7A1CCA6CFE0}.Debug|x86.Build.0 = Debug|Any CPU
		{4E35214E-3C22-4716-852A-B7A1CCA6CFE0}.Release|Any CPU.ActiveCfg = Release|Any CPU
		{4E35214E-3C22-4716-852A-B7A1CCA6CFE0}.Release|Any CPU.Build.0 = Release|Any CPU
		{4E35214E-3C22-4716-852A-B7A1CCA6CFE0}.Release|x64.ActiveCfg = Release|Any CPU
		{4E35214E-3C22-4716-852A-B7A1CCA6CFE0}.Release|x64.Build.0 = Release|Any CPU
		{4E35214E-3C22-4716-852A-B7A1CCA6CFE0}.Release|x86.ActiveCfg = Release|Any CPU
		{4E35214E-3C22-4716-852A-B7A1CCA6CFE0}.Release|x86.Build.0 = Release|Any CPU
	EndGlobalSection
	GlobalSection(SolutionProperties) = preSolution
		HideSolutionNode = FALSE
	EndGlobalSection
EndGlobal
